
Microsoft Visual Studio Solution File, Format Version 12.00
# Visual Studio Version 17
VisualStudioVersion = 17.3.32929.385
MinimumVisualStudioVersion = 10.0.40219.1
Project("{9A19103F-16F7-4668-BE54-9A1E7A4F7556}") = "AtmManagementSystem", "AtmManagementSystem\AtmManagementSystem.csproj", "{C97C4DF0-F69A-427E-BBF3-69E5078CC769}"
EndProject
Project("{FAE04EC0-301F-11D3-BF4B-00C04F79EFBC}") = "Atm_Domain", "Atm_Domain\Atm_Domain.csproj", "{CDDB165B-99D3-4951-9796-4B5186F6E207}"
EndProject
Project("{FAE04EC0-301F-11D3-BF4B-00C04F79EFBC}") = "Atm_Data", "Atm_Data\Atm_Data.csproj", "{B08BF0C5-0A0B-4389-ACB0-2CAD99F8A43B}"
EndProject
Global
	GlobalSection(SolutionConfigurationPlatforms) = preSolution
		Debug|Any CPU = Debug|Any CPU
		Release|Any CPU = Release|Any CPU
	EndGlobalSection
	GlobalSection(ProjectConfigurationPlatforms) = postSolution
		{C97C4DF0-F69A-427E-BBF3-69E5078CC769}.Debug|Any CPU.ActiveCfg = Debug|Any CPU
		{C97C4DF0-F69A-427E-BBF3-69E5078CC769}.Debug|Any CPU.Build.0 = Debug|Any CPU
		{C97C4DF0-F69A-427E-BBF3-69E5078CC769}.Release|Any CPU.ActiveCfg = Release|Any CPU
		{C97C4DF0-F69A-427E-BBF3-69E5078CC769}.Release|Any CPU.Build.0 = Release|Any CPU
		{CDDB165B-99D3-4951-9796-4B5186F6E207}.Debug|Any CPU.ActiveCfg = Debug|Any CPU
		{CDDB165B-99D3-4951-9796-4B5186F6E207}.Debug|Any CPU.Build.0 = Debug|Any CPU
		{CDDB165B-99D3-4951-9796-4B5186F6E207}.Release|Any CPU.ActiveCfg = Release|Any CPU
		{CDDB165B-99D3-4951-9796-4B5186F6E207}.Release|Any CPU.Build.0 = Release|Any CPU
		{B08BF0C5-0A0B-4389-ACB0-2CAD99F8A43B}.Debug|Any CPU.ActiveCfg = Debug|Any CPU
		{B08BF0C5-0A0B-4389-ACB0-2CAD99F8A43B}.Debug|Any CPU.Build.0 = Debug|Any CPU
		{B08BF0C5-0A0B-4389-ACB0-2CAD99F8A43B}.Release|Any CPU.ActiveCfg = Release|Any CPU
		{B08BF0C5-0A0B-4389-ACB0-2CAD99F8A43B}.Release|Any CPU.Build.0 = Release|Any CPU
	EndGlobalSection
	GlobalSection(SolutionProperties) = preSolution
		HideSolutionNode = FALSE
	EndGlobalSection
	GlobalSection(ExtensibilityGlobals) = postSolution
		SolutionGuid = {CB396589-337C-42D3-B323-5DC01BB9B90A}
	EndGlobalSection
EndGlobal
